schema: '2.0'
stages:
  fetch_mnist:
    cmd: wget http://yann.lecun.com/exdb/mnist/train-images-idx3-ubyte.gz -O mnist/train-images.gz
      && wget http://yann.lecun.com/exdb/mnist/train-labels-idx1-ubyte.gz -O mnist/train-labels.gz
      && wget http://yann.lecun.com/exdb/mnist/t10k-images-idx3-ubyte.gz -O mnist/test-images.gz
      && wget http://yann.lecun.com/exdb/mnist/t10k-labels-idx1-ubyte.gz -O mnist/test-labels.gz
    outs:
    - path: mnist/test-images.gz
      md5: 9fb629c4189551a2d022fa330f9573f3
      size: 1648877
    - path: mnist/test-labels.gz
      md5: ec29112dd5afa0611ce80d1b7f02629c
      size: 4542
    - path: mnist/train-images.gz
      md5: f68b3c2dcbeaaa9fbdd348bbdeb94873
      size: 9912422
    - path: mnist/train-labels.gz
      md5: d53e105ee54ea40749a09fcbcd1e9432
      size: 28881
